
Microsoft Visual Studio Solution File, Format Version 12.00
# Visual Studio Version 16
VisualStudioVersion = 16.0.33328.57
MinimumVisualStudioVersion = 10.0.40219.1
Project("{FAE04EC0-301F-11D3-BF4B-00C04F79EFBC}") = "SkillFactory_3_2_3", "SkillFactory_3_2_3.csproj", "{A83CAFA1-5307-40CE-9A20-1718199F7D9E}"
EndProject
Global
	GlobalSection(SolutionConfigurationPlatforms) = preSolution
		Debug|Any CPU = Debug|Any CPU
		Release|Any CPU = Release|Any CPU
	EndGlobalSection
	GlobalSection(ProjectConfigurationPlatforms) = postSolution
		{A83CAFA1-5307-40CE-9A20-1718199F7D9E}.Debug|Any CPU.ActiveCfg = Debug|Any CPU
		{A83CAFA1-5307-40CE-9A20-1718199F7D9E}.Debug|Any CPU.Build.0 = Debug|Any CPU
		{A83CAFA1-5307-40CE-9A20-1718199F7D9E}.Release|Any CPU.ActiveCfg = Release|Any CPU
		{A83CAFA1-5307-40CE-9A20-1718199F7D9E}.Release|Any CPU.Build.0 = Release|Any CPU
	EndGlobalSection
	GlobalSection(SolutionProperties) = preSolution
		HideSolutionNode = FALSE
	EndGlobalSection
	GlobalSection(ExtensibilityGlobals) = postSolution
		SolutionGuid = {D86BB120-DC65-4AFC-818C-C607030B68D8}
	EndGlobalSection
EndGlobal
